
Microsoft Visual Studio Solution File, Format Version 12.00
# Visual Studio 15
VisualStudioVersion = 15.0.27130.2036
MinimumVisualStudioVersion = 10.0.40219.1
Project("{2150E333-8FDC-42A3-9474-1A3956D46DE8}") = "Wexflow.Clients", "Wexflow.Clients", "{67871E52-CB11-4EDF-B036-15F359EF6B66}"
EndProject
Project("{2150E333-8FDC-42A3-9474-1A3956D46DE8}") = "Wexflow.Core", "Wexflow.Core", "{6AF980AE-0A8F-4F6F-A387-2C3C21A30710}"
EndProject
Project("{FAE04EC0-301F-11D3-BF4B-00C04F79EFBC}") = "Wexflow.Core", "src\Wexflow.Core\Wexflow.Core.csproj", "{46257949-80B5-48F2-9B83-29354C339869}"
EndProject
Project("{FAE04EC0-301F-11D3-BF4B-00C04F79EFBC}") = "Wexflow.Clients.Manager", "src\Wexflow.Clients.Manager\Wexflow.Clients.Manager.csproj", "{81032249-78D9-4B89-8E22-A3C32562EA69}"
EndProject
Project("{FAE04EC0-301F-11D3-BF4B-00C04F79EFBC}") = "Wexflow.Clients.WindowsService", "src\Wexflow.Clients.WindowsService\Wexflow.Clients.WindowsService.csproj", "{D559C35B-BFF5-49C2-9490-818314C88A76}"
EndProject
Project("{FAE04EC0-301F-11D3-BF4B-00C04F79EFBC}") = "Wexflow.Core.Service.Client", "src\Wexflow.Core.Service.Client\Wexflow.Core.Service.Client.csproj", "{3CFA5F19-D8E1-4AF8-9B6A-DCB959C035DB}"
EndProject
Project("{FAE04EC0-301F-11D3-BF4B-00C04F79EFBC}") = "Wexflow.Core.Service.Contracts", "src\Wexflow.Core.Service.Contracts\Wexflow.Core.Service.Contracts.csproj", "{7DEBD0D9-EA9B-445C-9B6D-F426908CE736}"
EndProject
Project("{FAE04EC0-301F-11D3-BF4B-00C04F79EFBC}") = "Wexflow.Clients.WebManager", "src\Wexflow.Clients.WebManager\Wexflow.Clients.WebManager.csproj", "{59410829-C439-4683-818E-AC99F94D1EBA}"
EndProject
Project("{FAE04EC0-301F-11D3-BF4B-00C04F79EFBC}") = "Wexflow.Clients.Eto.Manager", "src\Wexflow.Clients.Eto.Manager\Wexflow.Clients.Eto.Manager.csproj", "{120B41DA-F306-4B3C-A6C3-D99E8142B47F}"
EndProject
Project("{FAE04EC0-301F-11D3-BF4B-00C04F79EFBC}") = "Wexflow.Core.Service.Cross", "src\Wexflow.Core.Service.Cross\Wexflow.Core.Service.Cross.csproj", "{391DE15B-D5A2-462C-8E40-9DB3CE5CB83D}"
EndProject
Project("{2150E333-8FDC-42A3-9474-1A3956D46DE8}") = "Solution Items", "Solution Items", "{AC08C2F6-608F-48A0-AF17-16BA2EB8E87F}"
	ProjectSection(SolutionItems) = preProject
		.gitignore = .gitignore
		.tfignore = .tfignore
		.travis.yml = .travis.yml
		appveyor.yml = appveyor.yml
		LICENSE.txt = LICENSE.txt
		README.md = README.md
		VERSION.txt = VERSION.txt
	EndProjectSection
EndProject
Project("{2150E333-8FDC-42A3-9474-1A3956D46DE8}") = "Setup", "Setup", "{6A94C34E-9BA7-4A72-8F02-DD1A07BBB8EC}"
	ProjectSection(SolutionItems) = preProject
		setup\setup-linux.bat = setup\setup-linux.bat
		setup\setup-mac.bat = setup\setup-mac.bat
		setup\setup-windows.iss = setup\setup-windows.iss
	EndProjectSection
EndProject
Project("{FAE04EC0-301F-11D3-BF4B-00C04F79EFBC}") = "Wexflow.Clients.WebDesigner", "src\Wexflow.Clients.WebDesigner\Wexflow.Clients.WebDesigner.csproj", "{76F89165-83B9-4048-93A9-A93FF81D12EE}"
EndProject
Project("{2150E333-8FDC-42A3-9474-1A3956D46DE8}") = "Wexflow.Tasks.Tests", "Wexflow.Tasks.Tests", "{5AA82F16-43F7-4809-AB3C-23B6137FC5A5}"
EndProject
Project("{FAE04EC0-301F-11D3-BF4B-00C04F79EFBC}") = "Wexflow.Tasks.Tests", "tests\Wexflow.Tasks.Tests\Wexflow.Tasks.Tests.csproj", "{2A378A60-AC8D-45B3-A14D-8885FDE24410}"
EndProject
Project("{2150E333-8FDC-42A3-9474-1A3956D46DE8}") = "Workflows", "Workflows", "{8C2CDC3E-E849-4DB2-A9D1-929AAA8BB8E5}"
	ProjectSection(SolutionItems) = preProject
		samples\Wexflow\Workflows\Workflow_CsvToXml.xml = samples\Wexflow\Workflows\Workflow_CsvToXml.xml
		samples\Wexflow\Workflows\Workflow_ExecutionGraph.xml = samples\Wexflow\Workflows\Workflow_ExecutionGraph.xml
		samples\Wexflow\Workflows\Workflow_ffmpeg.xml = samples\Wexflow\Workflows\Workflow_ffmpeg.xml
		samples\Wexflow\Workflows\Workflow_FileExists1.xml = samples\Wexflow\Workflows\Workflow_FileExists1.xml
		samples\Wexflow\Workflows\Workflow_FileExists2.xml = samples\Wexflow\Workflows\Workflow_FileExists2.xml
		samples\Wexflow\Workflows\Workflow_FilesConcat.xml = samples\Wexflow\Workflows\Workflow_FilesConcat.xml
		samples\Wexflow\Workflows\Workflow_FilesCopier.xml = samples\Wexflow\Workflows\Workflow_FilesCopier.xml
		samples\Wexflow\Workflows\Workflow_FilesExist.xml = samples\Wexflow\Workflows\Workflow_FilesExist.xml
		samples\Wexflow\Workflows\Workflow_FilesInfo.xml = samples\Wexflow\Workflows\Workflow_FilesInfo.xml
		samples\Wexflow\Workflows\Workflow_FilesLoader.xml = samples\Wexflow\Workflows\Workflow_FilesLoader.xml
		samples\Wexflow\Workflows\Workflow_FilesMover.xml = samples\Wexflow\Workflows\Workflow_FilesMover.xml
		samples\Wexflow\Workflows\Workflow_FilesRemover.xml = samples\Wexflow\Workflows\Workflow_FilesRemover.xml
		samples\Wexflow\Workflows\Workflow_FilesRenamer.xml = samples\Wexflow\Workflows\Workflow_FilesRenamer.xml
		samples\Wexflow\Workflows\Workflow_FilesSplitter.xml = samples\Wexflow\Workflows\Workflow_FilesSplitter.xml
		samples\Wexflow\Workflows\Workflow_Ftp.xml = samples\Wexflow\Workflows\Workflow_Ftp.xml
		samples\Wexflow\Workflows\Workflow_Ftp_delete.xml = samples\Wexflow\Workflows\Workflow_Ftp_delete.xml
		samples\Wexflow\Workflows\Workflow_Ftp_download.xml = samples\Wexflow\Workflows\Workflow_Ftp_download.xml
		samples\Wexflow\Workflows\Workflow_Ftp_download_tag.xml = samples\Wexflow\Workflows\Workflow_Ftp_download_tag.xml
		samples\Wexflow\Workflows\Workflow_Ftp_upload.xml = samples\Wexflow\Workflows\Workflow_Ftp_upload.xml
		samples\Wexflow\Workflows\Workflow_Ftp_upload_rename.xml = samples\Wexflow\Workflows\Workflow_Ftp_upload_rename.xml
		samples\Wexflow\Workflows\Workflow_Ftps_delete.xml = samples\Wexflow\Workflows\Workflow_Ftps_delete.xml
		samples\Wexflow\Workflows\Workflow_Ftps_download.xml = samples\Wexflow\Workflows\Workflow_Ftps_download.xml
		samples\Wexflow\Workflows\Workflow_Ftps_upload.xml = samples\Wexflow\Workflows\Workflow_Ftps_upload.xml
		samples\Wexflow\Workflows\Workflow_Ftps_upload_rename.xml = samples\Wexflow\Workflows\Workflow_Ftps_upload_rename.xml
		samples\Wexflow\Workflows\Workflow_Guid.xml = samples\Wexflow\Workflows\Workflow_Guid.xml
		samples\Wexflow\Workflows\Workflow_HtmlToPdf.xml = samples\Wexflow\Workflows\Workflow_HtmlToPdf.xml
		samples\Wexflow\Workflows\Workflow_Http.xml = samples\Wexflow\Workflows\Workflow_Http.xml
		samples\Wexflow\Workflows\Workflow_ImagesTransformer.xml = samples\Wexflow\Workflows\Workflow_ImagesTransformer.xml
		samples\Wexflow\Workflows\Workflow_ListEntities.xml = samples\Wexflow\Workflows\Workflow_ListEntities.xml
		samples\Wexflow\Workflows\Workflow_ListFiles.xml = samples\Wexflow\Workflows\Workflow_ListFiles.xml
		samples\Wexflow\Workflows\Workflow_MailsReceiver.xml = samples\Wexflow\Workflows\Workflow_MailsReceiver.xml
		samples\Wexflow\Workflows\Workflow_MailsSender.xml = samples\Wexflow\Workflows\Workflow_MailsSender.xml
		samples\Wexflow\Workflows\Workflow_Md5.xml = samples\Wexflow\Workflows\Workflow_Md5.xml
		samples\Wexflow\Workflows\Workflow_MediaInfo.xml = samples\Wexflow\Workflows\Workflow_MediaInfo.xml
		samples\Wexflow\Workflows\Workflow_Mkdir.xml = samples\Wexflow\Workflows\Workflow_Mkdir.xml
		samples\Wexflow\Workflows\Workflow_Movedir.xml = samples\Wexflow\Workflows\Workflow_Movedir.xml
		samples\Wexflow\Workflows\Workflow_Now.xml = samples\Wexflow\Workflows\Workflow_Now.xml
		samples\Wexflow\Workflows\Workflow_Periodic.xml = samples\Wexflow\Workflows\Workflow_Periodic.xml
		samples\Wexflow\Workflows\Workflow_ProcessInfo.xml = samples\Wexflow\Workflows\Workflow_ProcessInfo.xml
		samples\Wexflow\Workflows\Workflow_ProcessKiller.xml = samples\Wexflow\Workflows\Workflow_ProcessKiller.xml
		samples\Wexflow\Workflows\Workflow_Rmdir.xml = samples\Wexflow\Workflows\Workflow_Rmdir.xml
		samples\Wexflow\Workflows\Workflow_Sftp_delete.xml = samples\Wexflow\Workflows\Workflow_Sftp_delete.xml
		samples\Wexflow\Workflows\Workflow_Sftp_download.xml = samples\Wexflow\Workflows\Workflow_Sftp_download.xml
		samples\Wexflow\Workflows\Workflow_Sftp_upload.xml = samples\Wexflow\Workflows\Workflow_Sftp_upload.xml
		samples\Wexflow\Workflows\Workflow_Sftp_upload_rename.xml = samples\Wexflow\Workflows\Workflow_Sftp_upload_rename.xml
		samples\Wexflow\Workflows\Workflow_Sha1.xml = samples\Wexflow\Workflows\Workflow_Sha1.xml
		samples\Wexflow\Workflows\Workflow_Sha256.xml = samples\Wexflow\Workflows\Workflow_Sha256.xml
		samples\Wexflow\Workflows\Workflow_Sha512.xml = samples\Wexflow\Workflows\Workflow_Sha512.xml
		samples\Wexflow\Workflows\Workflow_Sql.xml = samples\Wexflow\Workflows\Workflow_Sql.xml
		samples\Wexflow\Workflows\Workflow_SqlToCsv.xml = samples\Wexflow\Workflows\Workflow_SqlToCsv.xml
		samples\Wexflow\Workflows\Workflow_SqlToXml.xml = samples\Wexflow\Workflows\Workflow_SqlToXml.xml
		samples\Wexflow\Workflows\Workflow_Startup.xml = samples\Wexflow\Workflows\Workflow_Startup.xml
		samples\Wexflow\Workflows\Workflow_Sync.xml = samples\Wexflow\Workflows\Workflow_Sync.xml
		samples\Wexflow\Workflows\Workflow_Tar.xml = samples\Wexflow\Workflows\Workflow_Tar.xml
		samples\Wexflow\Workflows\Workflow_TextToPdf.xml = samples\Wexflow\Workflows\Workflow_TextToPdf.xml
		samples\Wexflow\Workflows\Workflow_Tgz.xml = samples\Wexflow\Workflows\Workflow_Tgz.xml
		samples\Wexflow\Workflows\Workflow_Touch.xml = samples\Wexflow\Workflows\Workflow_Touch.xml
		samples\Wexflow\Workflows\Workflow_Twitter.xml = samples\Wexflow\Workflows\Workflow_Twitter.xml
		samples\Wexflow\Workflows\Workflow_Untar.xml = samples\Wexflow\Workflows\Workflow_Untar.xml
		samples\Wexflow\Workflows\Workflow_Untgz.xml = samples\Wexflow\Workflows\Workflow_Untgz.xml
		samples\Wexflow\Workflows\Workflow_Unzip.xml = samples\Wexflow\Workflows\Workflow_Unzip.xml
		samples\Wexflow\Workflows\Workflow_vlc.xml = samples\Wexflow\Workflows\Workflow_vlc.xml
		samples\Wexflow\Workflows\Workflow_Wait.xml = samples\Wexflow\Workflows\Workflow_Wait.xml
		samples\Wexflow\Workflows\Workflow_Wmi.xml = samples\Wexflow\Workflows\Workflow_Wmi.xml
		samples\Wexflow\Workflows\Workflow_Workflow.xml = samples\Wexflow\Workflows\Workflow_Workflow.xml
		samples\Wexflow\Workflows\Workflow_XmlToCsv.xml = samples\Wexflow\Workflows\Workflow_XmlToCsv.xml
		samples\Wexflow\Workflows\Workflow_Xslt.xml = samples\Wexflow\Workflows\Workflow_Xslt.xml
		samples\Wexflow\Workflows\Workflow_Zip.xml = samples\Wexflow\Workflows\Workflow_Zip.xml
	EndProjectSection
EndProject
Project("{2150E333-8FDC-42A3-9474-1A3956D46DE8}") = "Xslt", "Xslt", "{B64B7C4B-5620-45A8-A518-DEC6B6E7C608}"
	ProjectSection(SolutionItems) = preProject
		samples\Wexflow\Xslt\ListFiles.xslt = samples\Wexflow\Xslt\ListFiles.xslt
		samples\Wexflow\Xslt\Products.xslt = samples\Wexflow\Xslt\Products.xslt
	EndProjectSection
EndProject
Project("{9A19103F-16F7-4668-BE54-9A1E7A4F7556}") = "Host", "src\Host\Host.csproj", "{68698D8A-07EC-4C11-B10B-F3E2739FB33F}"
EndProject
Project("{9A19103F-16F7-4668-BE54-9A1E7A4F7556}") = "Contract", "src\Contract\Contract.csproj", "{829C4D92-369E-4BE9-BC44-31BD098C2615}"
EndProject
Project("{FAE04EC0-301F-11D3-BF4B-00C04F79EFBC}") = "DataModel", "DataModel\DataModel.csproj", "{D7D4D6D4-9DA1-4BE4-8CC7-F94D91A2D77C}"
EndProject
Project("{FAE04EC0-301F-11D3-BF4B-00C04F79EFBC}") = "Wexflow.Tasks.ConfirmEmploy", "Wexflow.Tasks.ConfirmEmploy\Wexflow.Tasks.ConfirmEmploy.csproj", "{250ECA88-102A-4341-B6DF-1696B91914FA}"
EndProject
Project("{FAE04EC0-301F-11D3-BF4B-00C04F79EFBC}") = "Wexflow.Tasks.View", "Wexflow.Tasks.View\Wexflow.Tasks.View.csproj", "{C84F5B17-2233-44A4-8134-7EE16881E8B2}"
EndProject
Project("{FAE04EC0-301F-11D3-BF4B-00C04F79EFBC}") = "Wexflow.Tasks.AddEmploy", "Wexflow.Tasks.AddEmploy\Wexflow.Tasks.AddEmploy.csproj", "{6A7239B4-6275-49C8-9008-81E340047850}"
EndProject
Project("{FAE04EC0-301F-11D3-BF4B-00C04F79EFBC}") = "Wexflow.Tasks.CheckConditions", "Wexflow.Tasks.CheckConditions\Wexflow.Tasks.CheckConditions.csproj", "{27634E09-9209-4CD8-A915-3671D89AD7F1}"
EndProject
Project("{FAE04EC0-301F-11D3-BF4B-00C04F79EFBC}") = "Wexflow.Tasks.BankConfirm", "Wexflow.Tasks.BankConfirm\Wexflow.Tasks.BankConfirm.csproj", "{4BD09825-F704-4E23-ADD3-9E72C24F5FE0}"
EndProject
Project("{FAE04EC0-301F-11D3-BF4B-00C04F79EFBC}") = "Wexflow.Tasks.InspectorConfirm", "Wexflow.Tasks.InspectorConfirm\Wexflow.Tasks.InspectorConfirm.csproj", "{8662576E-63D9-42EF-A00D-26003ED407E9}"
EndProject
Project("{2150E333-8FDC-42A3-9474-1A3956D46DE8}") = "Wexflow.CancelationFlow", "Wexflow.CancelationFlow", "{65C8441B-ABCE-4B11-A900-E7EABC73AC53}"
EndProject
Project("{FAE04EC0-301F-11D3-BF4B-00C04F79EFBC}") = "Wexflow.Tasks.NeedExternalCall", "Wexflow.Tasks.NeedExternalCall\Wexflow.Tasks.NeedExternalCall.csproj", "{3A5CA2B1-3AF2-469A-A96D-765C7F2A4F95}"
EndProject
Project("{FAE04EC0-301F-11D3-BF4B-00C04F79EFBC}") = "Wexflow.Tasks.NeedNewMarketing", "Wexflow.Tasks.NeedNewMarketing\Wexflow.Tasks.NeedNewMarketing.csproj", "{1EF25EE6-85EF-48A3-9A24-19A982CA3FFF}"
EndProject
Project("{FAE04EC0-301F-11D3-BF4B-00C04F79EFBC}") = "Wexflow.Tasks.IsSystemOpenCode", "Wexflow.Tasks.IsSystemOpenCode\Wexflow.Tasks.IsSystemOpenCode.csproj", "{0AF85911-CE0C-4CEE-B62E-E4FCE33CD075}"
EndProject
Project("{FAE04EC0-301F-11D3-BF4B-00C04F79EFBC}") = "Wexflow.Tasks.IsPreviewsTerminalInstalled", "Wexflow.Tasks.IsPreviewsTerminalInstalled\Wexflow.Tasks.IsPreviewsTerminalInstalled.csproj", "{33779D91-F582-40F6-8932-095EDD29D896}"
EndProject
Project("{FAE04EC0-301F-11D3-BF4B-00C04F79EFBC}") = "Wexflow.Tasks.IsCurrentTerminalInstalled", "Wexflow.Tasks.IsCurrentTerminalInstalled\Wexflow.Tasks.IsCurrentTerminalInstalled.csproj", "{7C97E1A3-FE37-4DD6-816D-86D8A2EA938E}"
EndProject
Project("{FAE04EC0-301F-11D3-BF4B-00C04F79EFBC}") = "Wexflow.Tasks.CheckForBeingNewMarketing", "Wexflow.Tasks.CheckForBeingNewMarketing\Wexflow.Tasks.CheckForBeingNewMarketing.csproj", "{04BEA968-D7DB-40F4-9898-A930E3B8B70C}"
EndProject
Project("{FAE04EC0-301F-11D3-BF4B-00C04F79EFBC}") = "Wexflow.Tasks.NeedCheckByBank", "Wexflow.Tasks.NeedCheckByBank\Wexflow.Tasks.NeedCheckByBank.csproj", "{6BCD306E-C318-42D8-878B-05CD49C4B2A0}"
EndProject
Global
	GlobalSection(SolutionConfigurationPlatforms) = preSolution
		Debug|Any CPU = Debug|Any CPU
		Debug|Mixed Platforms = Debug|Mixed Platforms
		Debug|x86 = Debug|x86
		Release|Any CPU = Release|Any CPU
		Release|Mixed Platforms = Release|Mixed Platforms
		Release|x86 = Release|x86
	EndGlobalSection
	GlobalSection(ProjectConfigurationPlatforms) = postSolution
		{46257949-80B5-48F2-9B83-29354C339869}.Debug|Any CPU.ActiveCfg = Debug|x86
		{46257949-80B5-48F2-9B83-29354C339869}.Debug|Any CPU.Build.0 = Debug|x86
		{46257949-80B5-48F2-9B83-29354C339869}.Debug|Mixed Platforms.ActiveCfg = Debug|x86
		{46257949-80B5-48F2-9B83-29354C339869}.Debug|Mixed Platforms.Build.0 = Debug|x86
		{46257949-80B5-48F2-9B83-29354C339869}.Debug|x86.ActiveCfg = Debug|x86
		{46257949-80B5-48F2-9B83-29354C339869}.Debug|x86.Build.0 = Debug|x86
		{46257949-80B5-48F2-9B83-29354C339869}.Release|Any CPU.ActiveCfg = Release|Any CPU
		{46257949-80B5-48F2-9B83-29354C339869}.Release|Any CPU.Build.0 = Release|Any CPU
		{46257949-80B5-48F2-9B83-29354C339869}.Release|Mixed Platforms.ActiveCfg = Release|Any CPU
		{46257949-80B5-48F2-9B83-29354C339869}.Release|Mixed Platforms.Build.0 = Release|Any CPU
		{46257949-80B5-48F2-9B83-29354C339869}.Release|x86.ActiveCfg = Release|Any CPU
		{81032249-78D9-4B89-8E22-A3C32562EA69}.Debug|Any CPU.ActiveCfg = Debug|x86
		{81032249-78D9-4B89-8E22-A3C32562EA69}.Debug|Any CPU.Build.0 = Debug|x86
		{81032249-78D9-4B89-8E22-A3C32562EA69}.Debug|Mixed Platforms.ActiveCfg = Debug|x86
		{81032249-78D9-4B89-8E22-A3C32562EA69}.Debug|Mixed Platforms.Build.0 = Debug|x86
		{81032249-78D9-4B89-8E22-A3C32562EA69}.Debug|x86.ActiveCfg = Debug|x86
		{81032249-78D9-4B89-8E22-A3C32562EA69}.Debug|x86.Build.0 = Debug|x86
		{81032249-78D9-4B89-8E22-A3C32562EA69}.Release|Any CPU.ActiveCfg = Release|x86
		{81032249-78D9-4B89-8E22-A3C32562EA69}.Release|Mixed Platforms.ActiveCfg = Release|x86
		{81032249-78D9-4B89-8E22-A3C32562EA69}.Release|Mixed Platforms.Build.0 = Release|x86
		{81032249-78D9-4B89-8E22-A3C32562EA69}.Release|x86.ActiveCfg = Release|x86
		{81032249-78D9-4B89-8E22-A3C32562EA69}.Release|x86.Build.0 = Release|x86
		{D559C35B-BFF5-49C2-9490-818314C88A76}.Debug|Any CPU.ActiveCfg = Debug|x86
		{D559C35B-BFF5-49C2-9490-818314C88A76}.Debug|Any CPU.Build.0 = Debug|x86
		{D559C35B-BFF5-49C2-9490-818314C88A76}.Debug|Mixed Platforms.ActiveCfg = Debug|x86
		{D559C35B-BFF5-49C2-9490-818314C88A76}.Debug|Mixed Platforms.Build.0 = Debug|x86
		{D559C35B-BFF5-49C2-9490-818314C88A76}.Debug|x86.ActiveCfg = Debug|x86
		{D559C35B-BFF5-49C2-9490-818314C88A76}.Debug|x86.Build.0 = Debug|x86
		{D559C35B-BFF5-49C2-9490-818314C88A76}.Release|Any CPU.ActiveCfg = Release|x86
		{D559C35B-BFF5-49C2-9490-818314C88A76}.Release|Mixed Platforms.ActiveCfg = Release|x86
		{D559C35B-BFF5-49C2-9490-818314C88A76}.Release|Mixed Platforms.Build.0 = Release|x86
		{D559C35B-BFF5-49C2-9490-818314C88A76}.Release|x86.ActiveCfg = Release|x86
		{D559C35B-BFF5-49C2-9490-818314C88A76}.Release|x86.Build.0 = Release|x86
		{3CFA5F19-D8E1-4AF8-9B6A-DCB959C035DB}.Debug|Any CPU.ActiveCfg = Debug|x86
		{3CFA5F19-D8E1-4AF8-9B6A-DCB959C035DB}.Debug|Any CPU.Build.0 = Debug|x86
		{3CFA5F19-D8E1-4AF8-9B6A-DCB959C035DB}.Debug|Mixed Platforms.ActiveCfg = Debug|x86
		{3CFA5F19-D8E1-4AF8-9B6A-DCB959C035DB}.Debug|Mixed Platforms.Build.0 = Debug|x86
		{3CFA5F19-D8E1-4AF8-9B6A-DCB959C035DB}.Debug|x86.ActiveCfg = Debug|x86
		{3CFA5F19-D8E1-4AF8-9B6A-DCB959C035DB}.Debug|x86.Build.0 = Debug|x86
		{3CFA5F19-D8E1-4AF8-9B6A-DCB959C035DB}.Release|Any CPU.ActiveCfg = Release|Any CPU
		{3CFA5F19-D8E1-4AF8-9B6A-DCB959C035DB}.Release|Any CPU.Build.0 = Release|Any CPU
		{3CFA5F19-D8E1-4AF8-9B6A-DCB959C035DB}.Release|Mixed Platforms.ActiveCfg = Release|Any CPU
		{3CFA5F19-D8E1-4AF8-9B6A-DCB959C035DB}.Release|Mixed Platforms.Build.0 = Release|Any CPU
		{3CFA5F19-D8E1-4AF8-9B6A-DCB959C035DB}.Release|x86.ActiveCfg = Release|Any CPU
		{7DEBD0D9-EA9B-445C-9B6D-F426908CE736}.Debug|Any CPU.ActiveCfg = Debug|x86
		{7DEBD0D9-EA9B-445C-9B6D-F426908CE736}.Debug|Any CPU.Build.0 = Debug|x86
		{7DEBD0D9-EA9B-445C-9B6D-F426908CE736}.Debug|Mixed Platforms.ActiveCfg = Debug|x86
		{7DEBD0D9-EA9B-445C-9B6D-F426908CE736}.Debug|Mixed Platforms.Build.0 = Debug|x86
		{7DEBD0D9-EA9B-445C-9B6D-F426908CE736}.Debug|x86.ActiveCfg = Debug|x86
		{7DEBD0D9-EA9B-445C-9B6D-F426908CE736}.Debug|x86.Build.0 = Debug|x86
		{7DEBD0D9-EA9B-445C-9B6D-F426908CE736}.Release|Any CPU.ActiveCfg = Release|Any CPU
		{7DEBD0D9-EA9B-445C-9B6D-F426908CE736}.Release|Any CPU.Build.0 = Release|Any CPU
		{7DEBD0D9-EA9B-445C-9B6D-F426908CE736}.Release|Mixed Platforms.ActiveCfg = Release|Any CPU
		{7DEBD0D9-EA9B-445C-9B6D-F426908CE736}.Release|Mixed Platforms.Build.0 = Release|Any CPU
		{7DEBD0D9-EA9B-445C-9B6D-F426908CE736}.Release|x86.ActiveCfg = Release|Any CPU
		{59410829-C439-4683-818E-AC99F94D1EBA}.Debug|Any CPU.ActiveCfg = Debug|x86
		{59410829-C439-4683-818E-AC99F94D1EBA}.Debug|Any CPU.Build.0 = Debug|x86
		{59410829-C439-4683-818E-AC99F94D1EBA}.Debug|Mixed Platforms.ActiveCfg = Debug|x86
		{59410829-C439-4683-818E-AC99F94D1EBA}.Debug|Mixed Platforms.Build.0 = Debug|x86
		{59410829-C439-4683-818E-AC99F94D1EBA}.Debug|x86.ActiveCfg = Debug|x86
		{59410829-C439-4683-818E-AC99F94D1EBA}.Debug|x86.Build.0 = Debug|x86
		{59410829-C439-4683-818E-AC99F94D1EBA}.Release|Any CPU.ActiveCfg = Release|Any CPU
		{59410829-C439-4683-818E-AC99F94D1EBA}.Release|Any CPU.Build.0 = Release|Any CPU
		{59410829-C439-4683-818E-AC99F94D1EBA}.Release|Mixed Platforms.ActiveCfg = Release|Any CPU
		{59410829-C439-4683-818E-AC99F94D1EBA}.Release|Mixed Platforms.Build.0 = Release|Any CPU
		{59410829-C439-4683-818E-AC99F94D1EBA}.Release|x86.ActiveCfg = Release|Any CPU
		{120B41DA-F306-4B3C-A6C3-D99E8142B47F}.Debug|Any CPU.ActiveCfg = Debug|x86
		{120B41DA-F306-4B3C-A6C3-D99E8142B47F}.Debug|Any CPU.Build.0 = Debug|x86
		{120B41DA-F306-4B3C-A6C3-D99E8142B47F}.Debug|Mixed Platforms.ActiveCfg = Debug|x86
		{120B41DA-F306-4B3C-A6C3-D99E8142B47F}.Debug|Mixed Platforms.Build.0 = Debug|x86
		{120B41DA-F306-4B3C-A6C3-D99E8142B47F}.Debug|x86.ActiveCfg = Debug|x86
		{120B41DA-F306-4B3C-A6C3-D99E8142B47F}.Debug|x86.Build.0 = Debug|x86
		{120B41DA-F306-4B3C-A6C3-D99E8142B47F}.Release|Any CPU.ActiveCfg = Release|x86
		{120B41DA-F306-4B3C-A6C3-D99E8142B47F}.Release|Mixed Platforms.ActiveCfg = Release|x86
		{120B41DA-F306-4B3C-A6C3-D99E8142B47F}.Release|Mixed Platforms.Build.0 = Release|x86
		{120B41DA-F306-4B3C-A6C3-D99E8142B47F}.Release|x86.ActiveCfg = Release|x86
		{120B41DA-F306-4B3C-A6C3-D99E8142B47F}.Release|x86.Build.0 = Release|x86
		{391DE15B-D5A2-462C-8E40-9DB3CE5CB83D}.Debug|Any CPU.ActiveCfg = Debug|x86
		{391DE15B-D5A2-462C-8E40-9DB3CE5CB83D}.Debug|Any CPU.Build.0 = Debug|x86
		{391DE15B-D5A2-462C-8E40-9DB3CE5CB83D}.Debug|Mixed Platforms.ActiveCfg = Debug|x86
		{391DE15B-D5A2-462C-8E40-9DB3CE5CB83D}.Debug|Mixed Platforms.Build.0 = Debug|x86
		{391DE15B-D5A2-462C-8E40-9DB3CE5CB83D}.Debug|x86.ActiveCfg = Debug|x86
		{391DE15B-D5A2-462C-8E40-9DB3CE5CB83D}.Debug|x86.Build.0 = Debug|x86
		{391DE15B-D5A2-462C-8E40-9DB3CE5CB83D}.Release|Any CPU.ActiveCfg = Release|Any CPU
		{391DE15B-D5A2-462C-8E40-9DB3CE5CB83D}.Release|Any CPU.Build.0 = Release|Any CPU
		{391DE15B-D5A2-462C-8E40-9DB3CE5CB83D}.Release|Mixed Platforms.ActiveCfg = Release|Any CPU
		{391DE15B-D5A2-462C-8E40-9DB3CE5CB83D}.Release|Mixed Platforms.Build.0 = Release|Any CPU
		{391DE15B-D5A2-462C-8E40-9DB3CE5CB83D}.Release|x86.ActiveCfg = Release|Any CPU
		{391DE15B-D5A2-462C-8E40-9DB3CE5CB83D}.Release|x86.Build.0 = Release|Any CPU
		{76F89165-83B9-4048-93A9-A93FF81D12EE}.Debug|Any CPU.ActiveCfg = Debug|Any CPU
		{76F89165-83B9-4048-93A9-A93FF81D12EE}.Debug|Any CPU.Build.0 = Debug|Any CPU
		{76F89165-83B9-4048-93A9-A93FF81D12EE}.Debug|Mixed Platforms.ActiveCfg = Debug|x86
		{76F89165-83B9-4048-93A9-A93FF81D12EE}.Debug|Mixed Platforms.Build.0 = Debug|x86
		{76F89165-83B9-4048-93A9-A93FF81D12EE}.Debug|x86.ActiveCfg = Debug|x86
		{76F89165-83B9-4048-93A9-A93FF81D12EE}.Debug|x86.Build.0 = Debug|x86
		{76F89165-83B9-4048-93A9-A93FF81D12EE}.Release|Any CPU.ActiveCfg = Release|Any CPU
		{76F89165-83B9-4048-93A9-A93FF81D12EE}.Release|Any CPU.Build.0 = Release|Any CPU
		{76F89165-83B9-4048-93A9-A93FF81D12EE}.Release|Mixed Platforms.ActiveCfg = Release|Any CPU
		{76F89165-83B9-4048-93A9-A93FF81D12EE}.Release|Mixed Platforms.Build.0 = Release|Any CPU
		{76F89165-83B9-4048-93A9-A93FF81D12EE}.Release|x86.ActiveCfg = Release|Any CPU
		{76F89165-83B9-4048-93A9-A93FF81D12EE}.Release|x86.Build.0 = Release|Any CPU
		{2A378A60-AC8D-45B3-A14D-8885FDE24410}.Debug|Any CPU.ActiveCfg = Debug|Any CPU
		{2A378A60-AC8D-45B3-A14D-8885FDE24410}.Debug|Any CPU.Build.0 = Debug|Any CPU
		{2A378A60-AC8D-45B3-A14D-8885FDE24410}.Debug|Mixed Platforms.ActiveCfg = Debug|x86
		{2A378A60-AC8D-45B3-A14D-8885FDE24410}.Debug|Mixed Platforms.Build.0 = Debug|x86
		{2A378A60-AC8D-45B3-A14D-8885FDE24410}.Debug|x86.ActiveCfg = Debug|x86
		{2A378A60-AC8D-45B3-A14D-8885FDE24410}.Debug|x86.Build.0 = Debug|x86
		{2A378A60-AC8D-45B3-A14D-8885FDE24410}.Release|Any CPU.ActiveCfg = Release|Any CPU
		{2A378A60-AC8D-45B3-A14D-8885FDE24410}.Release|Any CPU.Build.0 = Release|Any CPU
		{2A378A60-AC8D-45B3-A14D-8885FDE24410}.Release|Mixed Platforms.ActiveCfg = Release|x86
		{2A378A60-AC8D-45B3-A14D-8885FDE24410}.Release|Mixed Platforms.Build.0 = Release|x86
		{2A378A60-AC8D-45B3-A14D-8885FDE24410}.Release|x86.ActiveCfg = Release|x86
		{2A378A60-AC8D-45B3-A14D-8885FDE24410}.Release|x86.Build.0 = Release|x86
		{68698D8A-07EC-4C11-B10B-F3E2739FB33F}.Debug|Any CPU.ActiveCfg = Debug|Any CPU
		{68698D8A-07EC-4C11-B10B-F3E2739FB33F}.Debug|Any CPU.Build.0 = Debug|Any CPU
		{68698D8A-07EC-4C11-B10B-F3E2739FB33F}.Debug|Mixed Platforms.ActiveCfg = Debug|Any CPU
		{68698D8A-07EC-4C11-B10B-F3E2739FB33F}.Debug|Mixed Platforms.Build.0 = Debug|Any CPU
		{68698D8A-07EC-4C11-B10B-F3E2739FB33F}.Debug|x86.ActiveCfg = Debug|Any CPU
		{68698D8A-07EC-4C11-B10B-F3E2739FB33F}.Debug|x86.Build.0 = Debug|Any CPU
		{68698D8A-07EC-4C11-B10B-F3E2739FB33F}.Release|Any CPU.ActiveCfg = Release|Any CPU
		{68698D8A-07EC-4C11-B10B-F3E2739FB33F}.Release|Any CPU.Build.0 = Release|Any CPU
		{68698D8A-07EC-4C11-B10B-F3E2739FB33F}.Release|Mixed Platforms.ActiveCfg = Release|Any CPU
		{68698D8A-07EC-4C11-B10B-F3E2739FB33F}.Release|Mixed Platforms.Build.0 = Release|Any CPU
		{68698D8A-07EC-4C11-B10B-F3E2739FB33F}.Release|x86.ActiveCfg = Release|Any CPU
		{68698D8A-07EC-4C11-B10B-F3E2739FB33F}.Release|x86.Build.0 = Release|Any CPU
		{829C4D92-369E-4BE9-BC44-31BD098C2615}.Debug|Any CPU.ActiveCfg = Debug|Any CPU
		{829C4D92-369E-4BE9-BC44-31BD098C2615}.Debug|Any CPU.Build.0 = Debug|Any CPU
		{829C4D92-369E-4BE9-BC44-31BD098C2615}.Debug|Mixed Platforms.ActiveCfg = Debug|Any CPU
		{829C4D92-369E-4BE9-BC44-31BD098C2615}.Debug|Mixed Platforms.Build.0 = Debug|Any CPU
		{829C4D92-369E-4BE9-BC44-31BD098C2615}.Debug|x86.ActiveCfg = Debug|Any CPU
		{829C4D92-369E-4BE9-BC44-31BD098C2615}.Debug|x86.Build.0 = Debug|Any CPU
		{829C4D92-369E-4BE9-BC44-31BD098C2615}.Release|Any CPU.ActiveCfg = Release|Any CPU
		{829C4D92-369E-4BE9-BC44-31BD098C2615}.Release|Any CPU.Build.0 = Release|Any CPU
		{829C4D92-369E-4BE9-BC44-31BD098C2615}.Release|Mixed Platforms.ActiveCfg = Release|Any CPU
		{829C4D92-369E-4BE9-BC44-31BD098C2615}.Release|Mixed Platforms.Build.0 = Release|Any CPU
		{829C4D92-369E-4BE9-BC44-31BD098C2615}.Release|x86.ActiveCfg = Release|Any CPU
		{829C4D92-369E-4BE9-BC44-31BD098C2615}.Release|x86.Build.0 = Release|Any CPU
		{D7D4D6D4-9DA1-4BE4-8CC7-F94D91A2D77C}.Debug|Any CPU.ActiveCfg = Debug|Any CPU
		{D7D4D6D4-9DA1-4BE4-8CC7-F94D91A2D77C}.Debug|Any CPU.Build.0 = Debug|Any CPU
		{D7D4D6D4-9DA1-4BE4-8CC7-F94D91A2D77C}.Debug|Mixed Platforms.ActiveCfg = Debug|Any CPU
		{D7D4D6D4-9DA1-4BE4-8CC7-F94D91A2D77C}.Debug|Mixed Platforms.Build.0 = Debug|Any CPU
		{D7D4D6D4-9DA1-4BE4-8CC7-F94D91A2D77C}.Debug|x86.ActiveCfg = Debug|Any CPU
		{D7D4D6D4-9DA1-4BE4-8CC7-F94D91A2D77C}.Debug|x86.Build.0 = Debug|Any CPU
		{D7D4D6D4-9DA1-4BE4-8CC7-F94D91A2D77C}.Release|Any CPU.ActiveCfg = Release|Any CPU
		{D7D4D6D4-9DA1-4BE4-8CC7-F94D91A2D77C}.Release|Any CPU.Build.0 = Release|Any CPU
		{D7D4D6D4-9DA1-4BE4-8CC7-F94D91A2D77C}.Release|Mixed Platforms.ActiveCfg = Release|Any CPU
		{D7D4D6D4-9DA1-4BE4-8CC7-F94D91A2D77C}.Release|Mixed Platforms.Build.0 = Release|Any CPU
		{D7D4D6D4-9DA1-4BE4-8CC7-F94D91A2D77C}.Release|x86.ActiveCfg = Release|Any CPU
		{D7D4D6D4-9DA1-4BE4-8CC7-F94D91A2D77C}.Release|x86.Build.0 = Release|Any CPU
		{250ECA88-102A-4341-B6DF-1696B91914FA}.Debug|Any CPU.ActiveCfg = Debug|Any CPU
		{250ECA88-102A-4341-B6DF-1696B91914FA}.Debug|Any CPU.Build.0 = Debug|Any CPU
		{250ECA88-102A-4341-B6DF-1696B91914FA}.Debug|Mixed Platforms.ActiveCfg = Debug|Any CPU
		{250ECA88-102A-4341-B6DF-1696B91914FA}.Debug|Mixed Platforms.Build.0 = Debug|Any CPU
		{250ECA88-102A-4341-B6DF-1696B91914FA}.Debug|x86.ActiveCfg = Debug|Any CPU
		{250ECA88-102A-4341-B6DF-1696B91914FA}.Debug|x86.Build.0 = Debug|Any CPU
		{250ECA88-102A-4341-B6DF-1696B91914FA}.Release|Any CPU.ActiveCfg = Release|Any CPU
		{250ECA88-102A-4341-B6DF-1696B91914FA}.Release|Any CPU.Build.0 = Release|Any CPU
		{250ECA88-102A-4341-B6DF-1696B91914FA}.Release|Mixed Platforms.ActiveCfg = Release|Any CPU
		{250ECA88-102A-4341-B6DF-1696B91914FA}.Release|Mixed Platforms.Build.0 = Release|Any CPU
		{250ECA88-102A-4341-B6DF-1696B91914FA}.Release|x86.ActiveCfg = Release|Any CPU
		{250ECA88-102A-4341-B6DF-1696B91914FA}.Release|x86.Build.0 = Release|Any CPU
		{C84F5B17-2233-44A4-8134-7EE16881E8B2}.Debug|Any CPU.ActiveCfg = Debug|Any CPU
		{C84F5B17-2233-44A4-8134-7EE16881E8B2}.Debug|Any CPU.Build.0 = Debug|Any CPU
		{C84F5B17-2233-44A4-8134-7EE16881E8B2}.Debug|Mixed Platforms.ActiveCfg = Debug|Any CPU
		{C84F5B17-2233-44A4-8134-7EE16881E8B2}.Debug|Mixed Platforms.Build.0 = Debug|Any CPU
		{C84F5B17-2233-44A4-8134-7EE16881E8B2}.Debug|x86.ActiveCfg = Debug|Any CPU
		{C84F5B17-2233-44A4-8134-7EE16881E8B2}.Debug|x86.Build.0 = Debug|Any CPU
		{C84F5B17-2233-44A4-8134-7EE16881E8B2}.Release|Any CPU.ActiveCfg = Release|Any CPU
		{C84F5B17-2233-44A4-8134-7EE16881E8B2}.Release|Any CPU.Build.0 = Release|Any CPU
		{C84F5B17-2233-44A4-8134-7EE16881E8B2}.Release|Mixed Platforms.ActiveCfg = Release|Any CPU
		{C84F5B17-2233-44A4-8134-7EE16881E8B2}.Release|Mixed Platforms.Build.0 = Release|Any CPU
		{C84F5B17-2233-44A4-8134-7EE16881E8B2}.Release|x86.ActiveCfg = Release|Any CPU
		{C84F5B17-2233-44A4-8134-7EE16881E8B2}.Release|x86.Build.0 = Release|Any CPU
		{6A7239B4-6275-49C8-9008-81E340047850}.Debug|Any CPU.ActiveCfg = Debug|Any CPU
		{6A7239B4-6275-49C8-9008-81E340047850}.Debug|Any CPU.Build.0 = Debug|Any CPU
		{6A7239B4-6275-49C8-9008-81E340047850}.Debug|Mixed Platforms.ActiveCfg = Debug|Any CPU
		{6A7239B4-6275-49C8-9008-81E340047850}.Debug|Mixed Platforms.Build.0 = Debug|Any CPU
		{6A7239B4-6275-49C8-9008-81E340047850}.Debug|x86.ActiveCfg = Debug|Any CPU
		{6A7239B4-6275-49C8-9008-81E340047850}.Debug|x86.Build.0 = Debug|Any CPU
		{6A7239B4-6275-49C8-9008-81E340047850}.Release|Any CPU.ActiveCfg = Release|Any CPU
		{6A7239B4-6275-49C8-9008-81E340047850}.Release|Any CPU.Build.0 = Release|Any CPU
		{6A7239B4-6275-49C8-9008-81E340047850}.Release|Mixed Platforms.ActiveCfg = Release|Any CPU
		{6A7239B4-6275-49C8-9008-81E340047850}.Release|Mixed Platforms.Build.0 = Release|Any CPU
		{6A7239B4-6275-49C8-9008-81E340047850}.Release|x86.ActiveCfg = Release|Any CPU
		{6A7239B4-6275-49C8-9008-81E340047850}.Release|x86.Build.0 = Release|Any CPU
		{27634E09-9209-4CD8-A915-3671D89AD7F1}.Debug|Any CPU.ActiveCfg = Debug|Any CPU
		{27634E09-9209-4CD8-A915-3671D89AD7F1}.Debug|Any CPU.Build.0 = Debug|Any CPU
		{27634E09-9209-4CD8-A915-3671D89AD7F1}.Debug|Mixed Platforms.ActiveCfg = Debug|Any CPU
		{27634E09-9209-4CD8-A915-3671D89AD7F1}.Debug|Mixed Platforms.Build.0 = Debug|Any CPU
		{27634E09-9209-4CD8-A915-3671D89AD7F1}.Debug|x86.ActiveCfg = Debug|Any CPU
		{27634E09-9209-4CD8-A915-3671D89AD7F1}.Debug|x86.Build.0 = Debug|Any CPU
		{27634E09-9209-4CD8-A915-3671D89AD7F1}.Release|Any CPU.ActiveCfg = Release|Any CPU
		{27634E09-9209-4CD8-A915-3671D89AD7F1}.Release|Any CPU.Build.0 = Release|Any CPU
		{27634E09-9209-4CD8-A915-3671D89AD7F1}.Release|Mixed Platforms.ActiveCfg = Release|Any CPU
		{27634E09-9209-4CD8-A915-3671D89AD7F1}.Release|Mixed Platforms.Build.0 = Release|Any CPU
		{27634E09-9209-4CD8-A915-3671D89AD7F1}.Release|x86.ActiveCfg = Release|Any CPU
		{27634E09-9209-4CD8-A915-3671D89AD7F1}.Release|x86.Build.0 = Release|Any CPU
		{4BD09825-F704-4E23-ADD3-9E72C24F5FE0}.Debug|Any CPU.ActiveCfg = Debug|Any CPU
		{4BD09825-F704-4E23-ADD3-9E72C24F5FE0}.Debug|Any CPU.Build.0 = Debug|Any CPU
		{4BD09825-F704-4E23-ADD3-9E72C24F5FE0}.Debug|Mixed Platforms.ActiveCfg = Debug|Any CPU
		{4BD09825-F704-4E23-ADD3-9E72C24F5FE0}.Debug|Mixed Platforms.Build.0 = Debug|Any CPU
		{4BD09825-F704-4E23-ADD3-9E72C24F5FE0}.Debug|x86.ActiveCfg = Debug|Any CPU
		{4BD09825-F704-4E23-ADD3-9E72C24F5FE0}.Debug|x86.Build.0 = Debug|Any CPU
		{4BD09825-F704-4E23-ADD3-9E72C24F5FE0}.Release|Any CPU.ActiveCfg = Release|Any CPU
		{4BD09825-F704-4E23-ADD3-9E72C24F5FE0}.Release|Any CPU.Build.0 = Release|Any CPU
		{4BD09825-F704-4E23-ADD3-9E72C24F5FE0}.Release|Mixed Platforms.ActiveCfg = Release|Any CPU
		{4BD09825-F704-4E23-ADD3-9E72C24F5FE0}.Release|Mixed Platforms.Build.0 = Release|Any CPU
		{4BD09825-F704-4E23-ADD3-9E72C24F5FE0}.Release|x86.ActiveCfg = Release|Any CPU
		{4BD09825-F704-4E23-ADD3-9E72C24F5FE0}.Release|x86.Build.0 = Release|Any CPU
		{8662576E-63D9-42EF-A00D-26003ED407E9}.Debug|Any CPU.ActiveCfg = Debug|Any CPU
		{8662576E-63D9-42EF-A00D-26003ED407E9}.Debug|Any CPU.Build.0 = Debug|Any CPU
		{8662576E-63D9-42EF-A00D-26003ED407E9}.Debug|Mixed Platforms.ActiveCfg = Debug|Any CPU
		{8662576E-63D9-42EF-A00D-26003ED407E9}.Debug|Mixed Platforms.Build.0 = Debug|Any CPU
		{8662576E-63D9-42EF-A00D-26003ED407E9}.Debug|x86.ActiveCfg = Debug|Any CPU
		{8662576E-63D9-42EF-A00D-26003ED407E9}.Debug|x86.Build.0 = Debug|Any CPU
		{8662576E-63D9-42EF-A00D-26003ED407E9}.Release|Any CPU.ActiveCfg = Release|Any CPU
		{8662576E-63D9-42EF-A00D-26003ED407E9}.Release|Any CPU.Build.0 = Release|Any CPU
		{8662576E-63D9-42EF-A00D-26003ED407E9}.Release|Mixed Platforms.ActiveCfg = Release|Any CPU
		{8662576E-63D9-42EF-A00D-26003ED407E9}.Release|Mixed Platforms.Build.0 = Release|Any CPU
		{8662576E-63D9-42EF-A00D-26003ED407E9}.Release|x86.ActiveCfg = Release|Any CPU
		{8662576E-63D9-42EF-A00D-26003ED407E9}.Release|x86.Build.0 = Release|Any CPU
		{3A5CA2B1-3AF2-469A-A96D-765C7F2A4F95}.Debug|Any CPU.ActiveCfg = Debug|Any CPU
		{3A5CA2B1-3AF2-469A-A96D-765C7F2A4F95}.Debug|Any CPU.Build.0 = Debug|Any CPU
		{3A5CA2B1-3AF2-469A-A96D-765C7F2A4F95}.Debug|Mixed Platforms.ActiveCfg = Debug|Any CPU
		{3A5CA2B1-3AF2-469A-A96D-765C7F2A4F95}.Debug|Mixed Platforms.Build.0 = Debug|Any CPU
		{3A5CA2B1-3AF2-469A-A96D-765C7F2A4F95}.Debug|x86.ActiveCfg = Debug|Any CPU
		{3A5CA2B1-3AF2-469A-A96D-765C7F2A4F95}.Debug|x86.Build.0 = Debug|Any CPU
		{3A5CA2B1-3AF2-469A-A96D-765C7F2A4F95}.Release|Any CPU.ActiveCfg = Release|Any CPU
		{3A5CA2B1-3AF2-469A-A96D-765C7F2A4F95}.Release|Any CPU.Build.0 = Release|Any CPU
		{3A5CA2B1-3AF2-469A-A96D-765C7F2A4F95}.Release|Mixed Platforms.ActiveCfg = Release|Any CPU
		{3A5CA2B1-3AF2-469A-A96D-765C7F2A4F95}.Release|Mixed Platforms.Build.0 = Release|Any CPU
		{3A5CA2B1-3AF2-469A-A96D-765C7F2A4F95}.Release|x86.ActiveCfg = Release|Any CPU
		{3A5CA2B1-3AF2-469A-A96D-765C7F2A4F95}.Release|x86.Build.0 = Release|Any CPU
		{1EF25EE6-85EF-48A3-9A24-19A982CA3FFF}.Debug|Any CPU.ActiveCfg = Debug|Any CPU
		{1EF25EE6-85EF-48A3-9A24-19A982CA3FFF}.Debug|Any CPU.Build.0 = Debug|Any CPU
		{1EF25EE6-85EF-48A3-9A24-19A982CA3FFF}.Debug|Mixed Platforms.ActiveCfg = Debug|Any CPU
		{1EF25EE6-85EF-48A3-9A24-19A982CA3FFF}.Debug|Mixed Platforms.Build.0 = Debug|Any CPU
		{1EF25EE6-85EF-48A3-9A24-19A982CA3FFF}.Debug|x86.ActiveCfg = Debug|Any CPU
		{1EF25EE6-85EF-48A3-9A24-19A982CA3FFF}.Debug|x86.Build.0 = Debug|Any CPU
		{1EF25EE6-85EF-48A3-9A24-19A982CA3FFF}.Release|Any CPU.ActiveCfg = Release|Any CPU
		{1EF25EE6-85EF-48A3-9A24-19A982CA3FFF}.Release|Any CPU.Build.0 = Release|Any CPU
		{1EF25EE6-85EF-48A3-9A24-19A982CA3FFF}.Release|Mixed Platforms.ActiveCfg = Release|Any CPU
		{1EF25EE6-85EF-48A3-9A24-19A982CA3FFF}.Release|Mixed Platforms.Build.0 = Release|Any CPU
		{1EF25EE6-85EF-48A3-9A24-19A982CA3FFF}.Release|x86.ActiveCfg = Release|Any CPU
		{1EF25EE6-85EF-48A3-9A24-19A982CA3FFF}.Release|x86.Build.0 = Release|Any CPU
		{0AF85911-CE0C-4CEE-B62E-E4FCE33CD075}.Debug|Any CPU.ActiveCfg = Debug|Any CPU
		{0AF85911-CE0C-4CEE-B62E-E4FCE33CD075}.Debug|Any CPU.Build.0 = Debug|Any CPU
		{0AF85911-CE0C-4CEE-B62E-E4FCE33CD075}.Debug|Mixed Platforms.ActiveCfg = Debug|Any CPU
		{0AF85911-CE0C-4CEE-B62E-E4FCE33CD075}.Debug|Mixed Platforms.Build.0 = Debug|Any CPU
		{0AF85911-CE0C-4CEE-B62E-E4FCE33CD075}.Debug|x86.ActiveCfg = Debug|Any CPU
		{0AF85911-CE0C-4CEE-B62E-E4FCE33CD075}.Debug|x86.Build.0 = Debug|Any CPU
		{0AF85911-CE0C-4CEE-B62E-E4FCE33CD075}.Release|Any CPU.ActiveCfg = Release|Any CPU
		{0AF85911-CE0C-4CEE-B62E-E4FCE33CD075}.Release|Any CPU.Build.0 = Release|Any CPU
		{0AF85911-CE0C-4CEE-B62E-E4FCE33CD075}.Release|Mixed Platforms.ActiveCfg = Release|Any CPU
		{0AF85911-CE0C-4CEE-B62E-E4FCE33CD075}.Release|Mixed Platforms.Build.0 = Release|Any CPU
		{0AF85911-CE0C-4CEE-B62E-E4FCE33CD075}.Release|x86.ActiveCfg = Release|Any CPU
		{0AF85911-CE0C-4CEE-B62E-E4FCE33CD075}.Release|x86.Build.0 = Release|Any CPU
		{33779D91-F582-40F6-8932-095EDD29D896}.Debug|Any CPU.ActiveCfg = Debug|Any CPU
		{33779D91-F582-40F6-8932-095EDD29D896}.Debug|Any CPU.Build.0 = Debug|Any CPU
		{33779D91-F582-40F6-8932-095EDD29D896}.Debug|Mixed Platforms.ActiveCfg = Debug|Any CPU
		{33779D91-F582-40F6-8932-095EDD29D896}.Debug|Mixed Platforms.Build.0 = Debug|Any CPU
		{33779D91-F582-40F6-8932-095EDD29D896}.Debug|x86.ActiveCfg = Debug|Any CPU
		{33779D91-F582-40F6-8932-095EDD29D896}.Debug|x86.Build.0 = Debug|Any CPU
		{33779D91-F582-40F6-8932-095EDD29D896}.Release|Any CPU.ActiveCfg = Release|Any CPU
		{33779D91-F582-40F6-8932-095EDD29D896}.Release|Any CPU.Build.0 = Release|Any CPU
		{33779D91-F582-40F6-8932-095EDD29D896}.Release|Mixed Platforms.ActiveCfg = Release|Any CPU
		{33779D91-F582-40F6-8932-095EDD29D896}.Release|Mixed Platforms.Build.0 = Release|Any CPU
		{33779D91-F582-40F6-8932-095EDD29D896}.Release|x86.ActiveCfg = Release|Any CPU
		{33779D91-F582-40F6-8932-095EDD29D896}.Release|x86.Build.0 = Release|Any CPU
		{7C97E1A3-FE37-4DD6-816D-86D8A2EA938E}.Debug|Any CPU.ActiveCfg = Debug|Any CPU
		{7C97E1A3-FE37-4DD6-816D-86D8A2EA938E}.Debug|Any CPU.Build.0 = Debug|Any CPU
		{7C97E1A3-FE37-4DD6-816D-86D8A2EA938E}.Debug|Mixed Platforms.ActiveCfg = Debug|Any CPU
		{7C97E1A3-FE37-4DD6-816D-86D8A2EA938E}.Debug|Mixed Platforms.Build.0 = Debug|Any CPU
		{7C97E1A3-FE37-4DD6-816D-86D8A2EA938E}.Debug|x86.ActiveCfg = Debug|Any CPU
		{7C97E1A3-FE37-4DD6-816D-86D8A2EA938E}.Debug|x86.Build.0 = Debug|Any CPU
		{7C97E1A3-FE37-4DD6-816D-86D8A2EA938E}.Release|Any CPU.ActiveCfg = Release|Any CPU
		{7C97E1A3-FE37-4DD6-816D-86D8A2EA938E}.Release|Any CPU.Build.0 = Release|Any CPU
		{7C97E1A3-FE37-4DD6-816D-86D8A2EA938E}.Release|Mixed Platforms.ActiveCfg = Release|Any CPU
		{7C97E1A3-FE37-4DD6-816D-86D8A2EA938E}.Release|Mixed Platforms.Build.0 = Release|Any CPU
		{7C97E1A3-FE37-4DD6-816D-86D8A2EA938E}.Release|x86.ActiveCfg = Release|Any CPU
		{7C97E1A3-FE37-4DD6-816D-86D8A2EA938E}.Release|x86.Build.0 = Release|Any CPU
		{04BEA968-D7DB-40F4-9898-A930E3B8B70C}.Debug|Any CPU.ActiveCfg = Debug|Any CPU
		{04BEA968-D7DB-40F4-9898-A930E3B8B70C}.Debug|Any CPU.Build.0 = Debug|Any CPU
		{04BEA968-D7DB-40F4-9898-A930E3B8B70C}.Debug|Mixed Platforms.ActiveCfg = Debug|Any CPU
		{04BEA968-D7DB-40F4-9898-A930E3B8B70C}.Debug|Mixed Platforms.Build.0 = Debug|Any CPU
		{04BEA968-D7DB-40F4-9898-A930E3B8B70C}.Debug|x86.ActiveCfg = Debug|Any CPU
		{04BEA968-D7DB-40F4-9898-A930E3B8B70C}.Debug|x86.Build.0 = Debug|Any CPU
		{04BEA968-D7DB-40F4-9898-A930E3B8B70C}.Release|Any CPU.ActiveCfg = Release|Any CPU
		{04BEA968-D7DB-40F4-9898-A930E3B8B70C}.Release|Any CPU.Build.0 = Release|Any CPU
		{04BEA968-D7DB-40F4-9898-A930E3B8B70C}.Release|Mixed Platforms.ActiveCfg = Release|Any CPU
		{04BEA968-D7DB-40F4-9898-A930E3B8B70C}.Release|Mixed Platforms.Build.0 = Release|Any CPU
		{04BEA968-D7DB-40F4-9898-A930E3B8B70C}.Release|x86.ActiveCfg = Release|Any CPU
		{04BEA968-D7DB-40F4-9898-A930E3B8B70C}.Release|x86.Build.0 = Release|Any CPU
		{6BCD306E-C318-42D8-878B-05CD49C4B2A0}.Debug|Any CPU.ActiveCfg = Debug|Any CPU
		{6BCD306E-C318-42D8-878B-05CD49C4B2A0}.Debug|Any CPU.Build.0 = Debug|Any CPU
		{6BCD306E-C318-42D8-878B-05CD49C4B2A0}.Debug|Mixed Platforms.ActiveCfg = Debug|Any CPU
		{6BCD306E-C318-42D8-878B-05CD49C4B2A0}.Debug|Mixed Platforms.Build.0 = Debug|Any CPU
		{6BCD306E-C318-42D8-878B-05CD49C4B2A0}.Debug|x86.ActiveCfg = Debug|Any CPU
		{6BCD306E-C318-42D8-878B-05CD49C4B2A0}.Debug|x86.Build.0 = Debug|Any CPU
		{6BCD306E-C318-42D8-878B-05CD49C4B2A0}.Release|Any CPU.ActiveCfg = Release|Any CPU
		{6BCD306E-C318-42D8-878B-05CD49C4B2A0}.Release|Any CPU.Build.0 = Release|Any CPU
		{6BCD306E-C318-42D8-878B-05CD49C4B2A0}.Release|Mixed Platforms.ActiveCfg = Release|Any CPU
		{6BCD306E-C318-42D8-878B-05CD49C4B2A0}.Release|Mixed Platforms.Build.0 = Release|Any CPU
		{6BCD306E-C318-42D8-878B-05CD49C4B2A0}.Release|x86.ActiveCfg = Release|Any CPU
		{6BCD306E-C318-42D8-878B-05CD49C4B2A0}.Release|x86.Build.0 = Release|Any CPU
	EndGlobalSection
	GlobalSection(SolutionProperties) = preSolution
		HideSolutionNode = FALSE
	EndGlobalSection
	GlobalSection(NestedProjects) = preSolution
		{46257949-80B5-48F2-9B83-29354C339869} = {6AF980AE-0A8F-4F6F-A387-2C3C21A30710}
		{81032249-78D9-4B89-8E22-A3C32562EA69} = {67871E52-CB11-4EDF-B036-15F359EF6B66}
		{D559C35B-BFF5-49C2-9490-818314C88A76} = {67871E52-CB11-4EDF-B036-15F359EF6B66}
		{3CFA5F19-D8E1-4AF8-9B6A-DCB959C035DB} = {6AF980AE-0A8F-4F6F-A387-2C3C21A30710}
		{7DEBD0D9-EA9B-445C-9B6D-F426908CE736} = {6AF980AE-0A8F-4F6F-A387-2C3C21A30710}
		{59410829-C439-4683-818E-AC99F94D1EBA} = {67871E52-CB11-4EDF-B036-15F359EF6B66}
		{120B41DA-F306-4B3C-A6C3-D99E8142B47F} = {67871E52-CB11-4EDF-B036-15F359EF6B66}
		{391DE15B-D5A2-462C-8E40-9DB3CE5CB83D} = {6AF980AE-0A8F-4F6F-A387-2C3C21A30710}
		{76F89165-83B9-4048-93A9-A93FF81D12EE} = {67871E52-CB11-4EDF-B036-15F359EF6B66}
		{2A378A60-AC8D-45B3-A14D-8885FDE24410} = {5AA82F16-43F7-4809-AB3C-23B6137FC5A5}
		{68698D8A-07EC-4C11-B10B-F3E2739FB33F} = {67871E52-CB11-4EDF-B036-15F359EF6B66}
		{829C4D92-369E-4BE9-BC44-31BD098C2615} = {67871E52-CB11-4EDF-B036-15F359EF6B66}
		{D7D4D6D4-9DA1-4BE4-8CC7-F94D91A2D77C} = {6AF980AE-0A8F-4F6F-A387-2C3C21A30710}
		{250ECA88-102A-4341-B6DF-1696B91914FA} = {5AA82F16-43F7-4809-AB3C-23B6137FC5A5}
		{C84F5B17-2233-44A4-8134-7EE16881E8B2} = {5AA82F16-43F7-4809-AB3C-23B6137FC5A5}
		{6A7239B4-6275-49C8-9008-81E340047850} = {5AA82F16-43F7-4809-AB3C-23B6137FC5A5}
		{27634E09-9209-4CD8-A915-3671D89AD7F1} = {65C8441B-ABCE-4B11-A900-E7EABC73AC53}
		{4BD09825-F704-4E23-ADD3-9E72C24F5FE0} = {65C8441B-ABCE-4B11-A900-E7EABC73AC53}
		{8662576E-63D9-42EF-A00D-26003ED407E9} = {65C8441B-ABCE-4B11-A900-E7EABC73AC53}
		{3A5CA2B1-3AF2-469A-A96D-765C7F2A4F95} = {65C8441B-ABCE-4B11-A900-E7EABC73AC53}
		{1EF25EE6-85EF-48A3-9A24-19A982CA3FFF} = {65C8441B-ABCE-4B11-A900-E7EABC73AC53}
		{0AF85911-CE0C-4CEE-B62E-E4FCE33CD075} = {65C8441B-ABCE-4B11-A900-E7EABC73AC53}
		{33779D91-F582-40F6-8932-095EDD29D896} = {65C8441B-ABCE-4B11-A900-E7EABC73AC53}
		{7C97E1A3-FE37-4DD6-816D-86D8A2EA938E} = {65C8441B-ABCE-4B11-A900-E7EABC73AC53}
		{04BEA968-D7DB-40F4-9898-A930E3B8B70C} = {65C8441B-ABCE-4B11-A900-E7EABC73AC53}
		{6BCD306E-C318-42D8-878B-05CD49C4B2A0} = {65C8441B-ABCE-4B11-A900-E7EABC73AC53}
	EndGlobalSection
	GlobalSection(ExtensibilityGlobals) = postSolution
		SolutionGuid = {694D69C8-AA13-4F54-BAAA-5B967F1A8F9C}
	EndGlobalSection
EndGlobal
